// !$*UTF8*$!
{
	archiveVersion = 1;
	classes = {
	};
	objectVersion = 50;
	objects = {

/* Begin PBXBuildFile section */
		AFBD8327246B975B00EC832D /* AppDelegate.swift in Sources */ = {isa = PBXBuildFile; fileRef = AFBD8326246B975B00EC832D /* AppDelegate.swift */; };
		AFBD8329246B975B00EC832D /* SceneDelegate.swift in Sources */ = {isa = PBXBuildFile; fileRef = AFBD8328246B975B00EC832D /* SceneDelegate.swift */; };
		AFBD832B246B975B00EC832D /* ViewController.swift in Sources */ = {isa = PBXBuildFile; fileRef = AFBD832A246B975B00EC832D /* ViewController.swift */; };
		AFBD832E246B975B00EC832D /* Main.storyboard in Resources */ = {isa = PBXBuildFile; fileRef = AFBD832C246B975B00EC832D /* Main.storyboard */; };
		AFBD8330246B975B00EC832D /* Assets.xcassets in Resources */ = {isa = PBXBuildFile; fileRef = AFBD832F246B975B00EC832D /* Assets.xcassets */; };
		AFBD8333246B975B00EC832D /* LaunchScreen.storyboard in Resources */ = {isa = PBXBuildFile; fileRef = AFBD8331246B975B00EC832D /* LaunchScreen.storyboard */; };
/* End PBXBuildFile section */

/* Begin PBXFileReference section */
		AFBD8323246B975B00EC832D /* Simple Xylophone.app */ = {isa = PBXFileReference; explicitFileType = wrapper.application; includeInIndex = 0; path = "Simple Xylophone.app"; sourceTree = BUILT_PRODUCTS_DIR; };
		AFBD8326246B975B00EC832D /* AppDelegate.swift */ = {isa = PBXFileReference; lastKnownFileType = sourcecode.swift; path = AppDelegate.swift; sourceTree = "<group>"; };
		AFBD8328246B975B00EC832D /* SceneDelegate.swift */ = {isa = PBXFileReference; lastKnownFileType = sourcecode.swift; path = SceneDelegate.swift; sourceTree = "<group>"; };
		AFBD832A246B975B00EC832D /* ViewController.swift */ = {isa = PBXFileReference; lastKnownFileType = sourcecode.swift; path = ViewController.swift; sourceTree = "<group>"; };
		AFBD832D246B975B00EC832D /* Base */ = {isa = PBXFileReference; lastKnownFileType = file.storyboard; name = Base; path = Base.lproj/Main.storyboard; sourceTree = "<group>"; };
		AFBD832F246B975B00EC832D /* Assets.xcassets */ = {isa = PBXFileReference; lastKnownFileType = folder.assetcatalog; path = Assets.xcassets; sourceTree = "<group>"; };
		AFBD8332246B975B00EC832D /* Base */ = {isa = PBXFileReference; lastKnownFileType = file.storyboard; name = Base; path = Base.lproj/LaunchScreen.storyboard; sourceTree = "<group>"; };
		AFBD8334246B975B00EC832D /* Info.plist */ = {isa = PBXFileReference; lastKnownFileType = text.plist.xml; path = Info.plist; sourceTree = "<group>"; };
/* End PBXFileReference section */

/* Begin PBXFrameworksBuildPhase section */
		AFBD8320246B975B00EC832D /* Frameworks */ = {
			isa = PBXFrameworksBuildPhase;
			buildActionMask = 2147483647;
			files = (
			);
			runOnlyForDeploymentPostprocessing = 0;
		};
/* End PBXFrameworksBuildPhase section */

/* Begin PBXGroup section */
		AFBD831A246B975B00EC832D = {
			isa = PBXGroup;
			children = (
				AFBD8325246B975B00EC832D /* Simple Xylophone */,
				AFBD8324246B975B00EC832D /* Products */,
			);
			sourceTree = "<group>";
		};
		AFBD8324246B975B00EC832D /* Products */ = {
			isa = PBXGroup;
			children = (
				AFBD8323246B975B00EC832D /* Simple Xylophone.app */,
			);
			name = Products;
			sourceTree = "<group>";
		};
		AFBD8325246B975B00EC832D /* Simple Xylophone */ = {
			isa = PBXGroup;
			children = (
				AFBD8326246B975B00EC832D /* AppDelegate.swift */,
				AFBD8328246B975B00EC832D /* SceneDelegate.swift */,
				AFBD832A246B975B00EC832D /* ViewController.swift */,
				AFBD832C246B975B00EC832D /* Main.storyboard */,
				AFBD832F246B975B00EC832D /* Assets.xcassets */,
				AFBD8331246B975B00EC832D /* LaunchScreen.storyboard */,
				AFBD8334246B975B00EC832D /* Info.plist */,
			);
			path = "Simple Xylophone";
			sourceTree = "<group>";
		};
/* End PBXGroup section */

/* Begin PBXNativeTarget section */
		AFBD8322246B975B00EC832D /* Simple Xylophone */ = {
			isa = PBXNativeTarget;
			buildConfigurationList = AFBD8337246B975B00EC832D /* Build configuration list for PBXNativeTarget "Simple Xylophone" */;
			buildPhases = (
				AFBD831F246B975B00EC832D /* Sources */,
				AFBD8320246B975B00EC832D /* Frameworks */,
				AFBD8321246B975B00EC832D /* Resources */,
			);
			buildRules = (
			);
			dependencies = (
			);
			name = "Simple Xylophone";
			productName = "Simple Xylophone";
			productReference = AFBD8323246B975B00EC832D /* Simple Xylophone.app */;
			productType = "com.apple.product-type.application";
		};
/* End PBXNativeTarget section */

/* Begin PBXProject section */
		AFBD831B246B975B00EC832D /* Project object */ = {
			isa = PBXProject;
			attributes = {
				LastSwiftUpdateCheck = 1140;
				LastUpgradeCheck = 1140;
				ORGANIZATIONNAME = "Demario Douce";
				TargetAttributes = {
					AFBD8322246B975B00EC832D = {
						CreatedOnToolsVersion = 11.4.1;
					};
				};
			};
			buildConfigurationList = AFBD831E246B975B00EC832D /* Build configuration list for PBXProject "Simple Xylophone" */;
			compatibilityVersion = "Xcode 9.3";
			developmentRegion = en;
			hasScannedForEncodings = 0;
			knownRegions = (
				en,
				Base,
			);
			mainGroup = AFBD831A246B975B00EC832D;
			productRefGroup = AFBD8324246B975B00EC832D /* Products */;
			projectDirPath = "";
			projectRoot = "";
			targets = (
				AFBD8322246B975B00EC832D /* Simple Xylophone */,
			);
		};
/* End PBXProject section */

/* Begin PBXResourcesBuildPhase section */
		AFBD8321246B975B00EC832D /* Resources */ = {
			isa = PBXResourcesBuildPhase;
			buildActionMask = 2147483647;
			files = (
				AFBD8333246B975B00EC832D /* LaunchScreen.storyboard in Resources */,
				AFBD8330246B975B00EC832D /* Assets.xcassets in Resources */,
				AFBD832E246B975B00EC832D /* Main.storyboard in Resources */,
			);
			runOnlyForDeploymentPostprocessing = 0;
		};
/* End PBXResourcesBuildPhase section */

/* Begin PBXSourcesBuildPhase section */
		AFBD831F246B975B00EC832D /* Sources */ = {
			isa = PBXSourcesBuildPhase;
			buildActionMask = 2147483647;
			files = (
				AFBD832B246B975B00EC832D /* ViewController.swift in Sources */,
				AFBD8327246B975B00EC832D /* AppDelegate.swift in Sources */,
				AFBD8329246B975B00EC832D /* SceneDelegate.swift in Sources */,
			);
			runOnlyForDeploymentPostprocessing = 0;
		};
/* End PBXSourcesBuildPhase section */

/* Begin PBXVariantGroup section */
		AFBD832C246B975B00EC832D /* Main.storyboard */ = {
			isa = PBXVariantGroup;
			children = (
				AFBD832D246B975B00EC832D /* Base */,
			);
			name = Main.storyboard;
			sourceTree = "<group>";
		};
		AFBD8331246B975B00EC832D /* LaunchScreen.storyboard */ = {
			isa = PBXVariantGroup;
			children = (
				AFBD8332246B975B00EC832D /* Base */,
			);
			name = LaunchScreen.storyboard;
			sourceTree = "<group>";
		};
/* End PBXVariantGroup section */

/* Begin XCBuildConfiguration section */
		AFBD8335246B975B00EC832D /* Debug */ = {
			isa = XCBuildConfiguration;
			buildSettings = {
				ALWAYS_SEARCH_USER_PATHS = NO;
				CLANG_ANALYZER_NONNULL = YES;
				CLANG_ANALYZER_NUMBER_OBJECT_CONVERSION = YES_AGGRESSIVE;
				CLANG_CXX_LANGUAGE_STANDARD = "gnu++14";
				CLANG_CXX_LIBRARY = "libc++";
				CLANG_ENABLE_MODULES = YES;
				CLANG_ENABLE_OBJC_ARC = YES;
				CLANG_ENABLE_OBJC_WEAK = YES;
				CLANG_WARN_BLOCK_CAPTURE_AUTORELEASING = YES;
				CLANG_WARN_BOOL_CONVERSION = YES;
				CLANG_WARN_COMMA = YES;
				CLANG_WARN_CONSTANT_CONVERSION = YES;
				CLANG_WARN_DEPRECATED_OBJC_IMPLEMENTATIONS = YES;
				CLANG_WARN_DIRECT_OBJC_ISA_USAGE = YES_ERROR;
				CLANG_WARN_DOCUMENTATION_COMMENTS = YES;
				CLANG_WARN_EMPTY_BODY = YES;
				CLANG_WARN_ENUM_CONVERSION = YES;
				CLANG_WARN_INFINITE_RECURSION = YES;
				CLANG_WARN_INT_CONVERSION = YES;
				CLANG_WARN_NON_LITERAL_NULL_CONVERSION = YES;
				CLANG_WARN_OBJC_IMPLICIT_RETAIN_SELF = YES;
				CLANG_WARN_OBJC_LITERAL_CONVERSION = YES;
				CLANG_WARN_OBJC_ROOT_CLASS = YES_ERROR;
				CLANG_WARN_RANGE_LOOP_ANALYSIS = YES;
				CLANG_WARN_STRICT_PROTOTYPES = YES;
				CLANG_WARN_SUSPICIOUS_MOVE = YES;
				CLANG_WARN_UNGUARDED_AVAILABILITY = YES_AGGRESSIVE;
				CLANG_WARN_UNREACHABLE_CODE = YES;
				CLANG_WARN__DUPLICATE_METHOD_MATCH = YES;
				COPY_PHASE_STRIP = NO;
				DEBUG_INFORMATION_FORMAT = dwarf;
				ENABLE_STRICT_OBJC_MSGSEND = YES;
				ENABLE_TESTABILITY = YES;
				GCC_C_LANGUAGE_STANDARD = gnu11;
				GCC_DYNAMIC_NO_PIC = NO;
				GCC_NO_COMMON_BLOCKS = YES;
				GCC_OPTIMIZATION_LEVEL = 0;
				GCC_PREPROCESSOR_DEFINITIONS = (
					"DEBUG=1",
					"$(inherited)",
				);
				GCC_WARN_64_TO_32_BIT_CONVERSION = YES;
				GCC_WARN_ABOUT_RETURN_TYPE = YES_ERROR;
				GCC_WARN_UNDECLARED_SELECTOR = YES;
				GCC_WARN_UNINITIALIZED_AUTOS = YES_AGGRESSIVE;
				GCC_WARN_UNUSED_FUNCTION = YES;
				GCC_WARN_UNUSED_VARIABLE = YES;
				IPHONEOS_DEPLOYMENT_TARGET = 13.4;
				MTL_ENABLE_DEBUG_INFO = INCLUDE_SOURCE;
				MTL_FAST_MATH = YES;
				ONLY_ACTIVE_ARCH = YES;
				SDKROOT = iphoneos;
				SWIFT_ACTIVE_COMPILATION_CONDITIONS = DEBUG;
				SWIFT_OPTIMIZATION_LEVEL = "-Onone";
			};
			name = Debug;
		};
		AFBD8336246B975B00EC832D /* Release */ = {
			isa = XCBuildConfiguration;
			buildSettings = {
				ALWAYS_SEARCH_USER_PATHS = NO;
				CLANG_ANALYZER_NONNULL = YES;
				CLANG_ANALYZER_NUMBER_OBJECT_CONVERSION = YES_AGGRESSIVE;
				CLANG_CXX_LANGUAGE_STANDARD = "gnu++14";
				CLANG_CXX_LIBRARY = "libc++";
				CLANG_ENABLE_MODULES = YES;
				CLANG_ENABLE_OBJC_ARC = YES;
				CLANG_ENABLE_OBJC_WEAK = YES;
				CLANG_WARN_BLOCK_CAPTURE_AUTORELEASING = YES;
				CLANG_WARN_BOOL_CONVERSION = YES;
				CLANG_WARN_COMMA = YES;
				CLANG_WARN_CONSTANT_CONVERSION = YES;
				CLANG_WARN_DEPRECATED_OBJC_IMPLEMENTATIONS = YES;
				CLANG_WARN_DIRECT_OBJC_ISA_USAGE = YES_ERROR;
				CLANG_WARN_DOCUMENTATION_COMMENTS = YES;
				CLANG_WARN_EMPTY_BODY = YES;
				CLANG_WARN_ENUM_CONVERSION = YES;
				CLANG_WARN_INFINITE_RECURSION = YES;
				CLANG_WARN_INT_CONVERSION = YES;
				CLANG_WARN_NON_LITERAL_NULL_CONVERSION = YES;
				CLANG_WARN_OBJC_IMPLICIT_RETAIN_SELF = YES;
				CLANG_WARN_OBJC_LITERAL_CONVERSION = YES;
				CLANG_WARN_OBJC_ROOT_CLASS = YES_ERROR;
				CLANG_WARN_RANGE_LOOP_ANALYSIS = YES;
				CLANG_WARN_STRICT_PROTOTYPES = YES;
				CLANG_WARN_SUSPICIOUS_MOVE = YES;
				CLANG_WARN_UNGUARDED_AVAILABILITY = YES_AGGRESSIVE;
				CLANG_WARN_UNREACHABLE_CODE = YES;
				CLANG_WARN__DUPLICATE_METHOD_MATCH = YES;
				COPY_PHASE_STRIP = NO;
				DEBUG_INFORMATION_FORMAT = "dwarf-with-dsym";
				ENABLE_NS_ASSERTIONS = NO;
				ENABLE_STRICT_OBJC_MSGSEND = YES;
				GCC_C_LANGUAGE_STANDARD = gnu11;
				GCC_NO_COMMON_BLOCKS = YES;
				GCC_WARN_64_TO_32_BIT_CONVERSION = YES;
				GCC_WARN_ABOUT_RETURN_TYPE = YES_ERROR;
				GCC_WARN_UNDECLARED_SELECTOR = YES;
				GCC_WARN_UNINITIALIZED_AUTOS = YES_AGGRESSIVE;
				GCC_WARN_UNUSED_FUNCTION = YES;
				GCC_WARN_UNUSED_VARIABLE = YES;
				IPHONEOS_DEPLOYMENT_TARGET = 13.4;
				MTL_ENABLE_DEBUG_INFO = NO;
				MTL_FAST_MATH = YES;
				SDKROOT = iphoneos;
				SWIFT_COMPILATION_MODE = wholemodule;
				SWIFT_OPTIMIZATION_LEVEL = "-O";
				VALIDATE_PRODUCT = YES;
			};
			name = Release;
		};
		AFBD8338246B975B00EC832D /* Debug */ = {
			isa = XCBuildConfiguration;
			buildSettings = {
				ASSETCATALOG_COMPILER_APPICON_NAME = AppIcon;
				CODE_SIGN_STYLE = Automatic;
				DEVELOPMENT_TEAM = XUL34M32PL;
				INFOPLIST_FILE = "Simple Xylophone/Info.plist";
				LD_RUNPATH_SEARCH_PATHS = (
					"$(inherited)",
					"@executable_path/Frameworks",
				);
				PRODUCT_BUNDLE_IDENTIFIER = "com.demariodouce.Simple-Xylophone";
				PRODUCT_NAME = "$(TARGET_NAME)";
				SWIFT_VERSION = 5.0;
				TARGETED_DEVICE_FAMILY = "1,2";
			};
			name = Debug;
		};
		AFBD8339246B975B00EC832D /* Release */ = {
			isa = XCBuildConfiguration;
			buildSettings = {
				ASSETCATALOG_COMPILER_APPICON_NAME = AppIcon;
				CODE_SIGN_STYLE = Automatic;
				DEVELOPMENT_TEAM = XUL34M32PL;
				INFOPLIST_FILE = "Simple Xylophone/Info.plist";
				LD_RUNPATH_SEARCH_PATHS = (
					"$(inherited)",
					"@executable_path/Frameworks",
				);
				PRODUCT_BUNDLE_IDENTIFIER = "com.demariodouce.Simple-Xylophone";
				PRODUCT_NAME = "$(TARGET_NAME)";
				SWIFT_VERSION = 5.0;
				TARGETED_DEVICE_FAMILY = "1,2";
			};
			name = Release;
		};
/* End XCBuildConfiguration section */

/* Begin XCConfigurationList section */
		AFBD831E246B975B00EC832D /* Build configuration list for PBXProject "Simple Xylophone" */ = {
			isa = XCConfigurationList;
			buildConfigurations = (
				AFBD8335246B975B00EC832D /* Debug */,
				AFBD8336246B975B00EC832D /* Release */,
			);
			defaultConfigurationIsVisible = 0;
			defaultConfigurationName = Release;
		};
		AFBD8337246B975B00EC832D /* Build configuration list for PBXNativeTarget "Simple Xylophone" */ = {
			isa = XCConfigurationList;
			buildConfigurations = (
				AFBD8338246B975B00EC832D /* Debug */,
				AFBD8339246B975B00EC832D /* Release */,
			);
			defaultConfigurationIsVisible = 0;
			defaultConfigurationName = Release;
		};
/* End XCConfigurationList section */
	};
	rootObject = AFBD831B246B975B00EC832D /* Project object */;
}
